
Microsoft Visual Studio Solution File, Format Version 12.00
# Visual Studio Version 17
VisualStudioVersion = 17.1.32210.238
MinimumVisualStudioVersion = 10.0.40219.1
Project("{FAE04EC0-301F-11D3-BF4B-00C04F79EFBC}") = "TeleconNevaCommunication", "TeleconNevaCommunication.csproj", "{5AEC7B88-F6C4-4903-A628-A45DA05CB762}"
EndProject
Project("{FAE04EC0-301F-11D3-BF4B-00C04F79EFBC}") = "WorkWithSubscribers", "..\WorkWithSubscribers\WorkWithSubscribers.csproj", "{C158A1D3-B8CF-4D5D-AE19-07836FDDCBC0}"
EndProject
Project("{FAE04EC0-301F-11D3-BF4B-00C04F79EFBC}") = "StatusControl", "..\StatusControl\StatusControl.csproj", "{7DA74E1F-0939-40DC-9F77-79F496389CBE}"
EndProject
Project("{FAE04EC0-301F-11D3-BF4B-00C04F79EFBC}") = "EquipmentSetup", "..\EquipmentSetup\EquipmentSetup.csproj", "{B11B8772-693E-4CCC-B46C-405D8133740D}"
EndProject
Project("{FAE04EC0-301F-11D3-BF4B-00C04F79EFBC}") = "CalculationNumberBaseStation", "..\CalculationNumberBaseStation\CalculationNumberBaseStation.csproj", "{94CAB2C6-9704-42E6-9070-0E69305348C1}"
EndProject
Global
	GlobalSection(SolutionConfigurationPlatforms) = preSolution
		Debug|Any CPU = Debug|Any CPU
		Release|Any CPU = Release|Any CPU
	EndGlobalSection
	GlobalSection(ProjectConfigurationPlatforms) = postSolution
		{5AEC7B88-F6C4-4903-A628-A45DA05CB762}.Debug|Any CPU.ActiveCfg = Debug|Any CPU
		{5AEC7B88-F6C4-4903-A628-A45DA05CB762}.Debug|Any CPU.Build.0 = Debug|Any CPU
		{5AEC7B88-F6C4-4903-A628-A45DA05CB762}.Release|Any CPU.ActiveCfg = Release|Any CPU
		{5AEC7B88-F6C4-4903-A628-A45DA05CB762}.Release|Any CPU.Build.0 = Release|Any CPU
		{C158A1D3-B8CF-4D5D-AE19-07836FDDCBC0}.Debug|Any CPU.ActiveCfg = Debug|Any CPU
		{C158A1D3-B8CF-4D5D-AE19-07836FDDCBC0}.Debug|Any CPU.Build.0 = Debug|Any CPU
		{C158A1D3-B8CF-4D5D-AE19-07836FDDCBC0}.Release|Any CPU.ActiveCfg = Release|Any CPU
		{C158A1D3-B8CF-4D5D-AE19-07836FDDCBC0}.Release|Any CPU.Build.0 = Release|Any CPU
		{7DA74E1F-0939-40DC-9F77-79F496389CBE}.Debug|Any CPU.ActiveCfg = Debug|Any CPU
		{7DA74E1F-0939-40DC-9F77-79F496389CBE}.Debug|Any CPU.Build.0 = Debug|Any CPU
		{7DA74E1F-0939-40DC-9F77-79F496389CBE}.Release|Any CPU.ActiveCfg = Release|Any CPU
		{7DA74E1F-0939-40DC-9F77-79F496389CBE}.Release|Any CPU.Build.0 = Release|Any CPU
		{B11B8772-693E-4CCC-B46C-405D8133740D}.Debug|Any CPU.ActiveCfg = Debug|Any CPU
		{B11B8772-693E-4CCC-B46C-405D8133740D}.Debug|Any CPU.Build.0 = Debug|Any CPU
		{B11B8772-693E-4CCC-B46C-405D8133740D}.Release|Any CPU.ActiveCfg = Release|Any CPU
		{B11B8772-693E-4CCC-B46C-405D8133740D}.Release|Any CPU.Build.0 = Release|Any CPU
		{94CAB2C6-9704-42E6-9070-0E69305348C1}.Debug|Any CPU.ActiveCfg = Debug|Any CPU
		{94CAB2C6-9704-42E6-9070-0E69305348C1}.Debug|Any CPU.Build.0 = Debug|Any CPU
		{94CAB2C6-9704-42E6-9070-0E69305348C1}.Release|Any CPU.ActiveCfg = Release|Any CPU
		{94CAB2C6-9704-42E6-9070-0E69305348C1}.Release|Any CPU.Build.0 = Release|Any CPU
	EndGlobalSection
	GlobalSection(SolutionProperties) = preSolution
		HideSolutionNode = FALSE
	EndGlobalSection
	GlobalSection(ExtensibilityGlobals) = postSolution
		SolutionGuid = {927649BC-91D6-41BC-B9A9-6B3D8355FEED}
	EndGlobalSection
EndGlobal
